github.com/hugomods/giscus v0.1.1 h1:Kb8137Cp2nQJPFb6e+CdXy8nyIAJ2dFIymG4bDdaXWI=
github.com/hugomods/giscus v0.1.1/go.mod h1:tCRkqNi/sMsLh3kjDesXZNzf4R/w+b5oc5boS/l8Jtw=
github.com/hugomods/google-analytics v0.2.1 h1:591qgcVeqROhPhmI03YPiGXlb0jaIIqXDxy1HCNwD50=
github.com/hugomods/google-analytics v0.2.1/go.mod h1:Q89C3HmPHn2m2VT1INfnLwkpDyyYRLRIPitLA/aFIy8=
github.com/hugomods/katex v0.3.3 h1:TX6Tl5jgYXAXcNWKTC/0vI8p9MSBfwkVMTgJfakM3XA=
github.com/hugomods/katex v0.3.3/go.mod h1:i+fKI52f3QbiuK0ug5yRCB9ZJ/qUFERTk8UGuSZMQNQ=
github.com/hugomods/mermaid v0.1.4 h1:/u0FZRSBMpqTbDh4XPBL7c6p0DUjvIkoo9cC89GASSI=
github.com/hugomods/mermaid v0.1.4/go.mod h1:GOID2Ko1vdrX03ZMaFNQL/vdTU1tZmGcVjOgBN8O42Y=
